
Microsoft Visual Studio Solution File, Format Version 12.00
# Visual Studio 15
VisualStudioVersion = 15.0.28307.438
MinimumVisualStudioVersion = 10.0.40219.1
Project("{FAE04EC0-301F-11D3-BF4B-00C04F79EFBC}") = "Assignment02", "Assignment02\Assignment02.csproj", "{FD254F2C-29D9-439A-B44E-DD11225BF66D}"
EndProject
Global
	GlobalSection(SolutionConfigurationPlatforms) = preSolution
		Debug|Any CPU = Debug|Any CPU
		Release|Any CPU = Release|Any CPU
	EndGlobalSection
	GlobalSection(ProjectConfigurationPlatforms) = postSolution
		{FD254F2C-29D9-439A-B44E-DD11225BF66D}.Debug|Any CPU.ActiveCfg = Debug|Any CPU
		{FD254F2C-29D9-439A-B44E-DD11225BF66D}.Debug|Any CPU.Build.0 = Debug|Any CPU
		{FD254F2C-29D9-439A-B44E-DD11225BF66D}.Release|Any CPU.ActiveCfg = Release|Any CPU
		{FD254F2C-29D9-439A-B44E-DD11225BF66D}.Release|Any CPU.Build.0 = Release|Any CPU
	EndGlobalSection
	GlobalSection(SolutionProperties) = preSolution
		HideSolutionNode = FALSE
	EndGlobalSection
	GlobalSection(ExtensibilityGlobals) = postSolution
		SolutionGuid = {77FE8DA5-0C2E-4B29-8260-E1F03CDF47FA}
	EndGlobalSection
EndGlobal
